
Microsoft Visual Studio Solution File, Format Version 12.00
# Visual Studio Version 17
VisualStudioVersion = 17.6.33829.357
MinimumVisualStudioVersion = 10.0.40219.1
Project("{FAE04EC0-301F-11D3-BF4B-00C04F79EFBC}") = "JwtApi", "JwtApi\JwtApi.csproj", "{F2257610-40F9-4C35-A2D6-C1E861C8E80B}"
EndProject
Global
	GlobalSection(SolutionConfigurationPlatforms) = preSolution
		Debug|Any CPU = Debug|Any CPU
		Release|Any CPU = Release|Any CPU
	EndGlobalSection
	GlobalSection(ProjectConfigurationPlatforms) = postSolution
		{F2257610-40F9-4C35-A2D6-C1E861C8E80B}.Debug|Any CPU.ActiveCfg = Debug|Any CPU
		{F2257610-40F9-4C35-A2D6-C1E861C8E80B}.Debug|Any CPU.Build.0 = Debug|Any CPU
		{F2257610-40F9-4C35-A2D6-C1E861C8E80B}.Release|Any CPU.ActiveCfg = Release|Any CPU
		{F2257610-40F9-4C35-A2D6-C1E861C8E80B}.Release|Any CPU.Build.0 = Release|Any CPU
	EndGlobalSection
	GlobalSection(SolutionProperties) = preSolution
		HideSolutionNode = FALSE
	EndGlobalSection
	GlobalSection(ExtensibilityGlobals) = postSolution
		SolutionGuid = {8E3FFCEA-FC6C-45D1-9C56-3671682D845E}
	EndGlobalSection
EndGlobal
